{
  "name": "musikspelare",
  "version": "1.0.0",
  "lockfileVersion": 1,
  "requires": true,
  "dependencies": {
    "dragdealer": {
      "version": "0.10.0",
      "resolved": "https://registry.npmjs.org/dragdealer/-/dragdealer-0.10.0.tgz",
      "integrity": "sha512-epTXLx6m1fhrqtqUo/YjWQIT1L+Y5EI6WsrNI6K6QJCwHQtPrdHl5Btiiu4OtVaaNO+hEwA7rzBqWzgrslF4ZQ=="
    }
  }
}
